
Microsoft Visual Studio Solution File, Format Version 12.00
# Visual Studio Version 16
VisualStudioVersion = 25.0.1706.14
MinimumVisualStudioVersion = 10.0.40219.1
Project("{FAE04EC0-301F-11D3-BF4B-00C04F79EFBC}") = "week9", "week9\week9.csproj", "{40EB0642-473F-4A0F-A486-17CD6A57E26B}"
EndProject
Global
	GlobalSection(SolutionConfigurationPlatforms) = preSolution
		Debug|Any CPU = Debug|Any CPU
		Release|Any CPU = Release|Any CPU
	EndGlobalSection
	GlobalSection(ProjectConfigurationPlatforms) = postSolution
		{40EB0642-473F-4A0F-A486-17CD6A57E26B}.Debug|Any CPU.ActiveCfg = Debug|Any CPU
		{40EB0642-473F-4A0F-A486-17CD6A57E26B}.Debug|Any CPU.Build.0 = Debug|Any CPU
		{40EB0642-473F-4A0F-A486-17CD6A57E26B}.Release|Any CPU.ActiveCfg = Release|Any CPU
		{40EB0642-473F-4A0F-A486-17CD6A57E26B}.Release|Any CPU.Build.0 = Release|Any CPU
	EndGlobalSection
	GlobalSection(SolutionProperties) = preSolution
		HideSolutionNode = FALSE
	EndGlobalSection
	GlobalSection(ExtensibilityGlobals) = postSolution
		SolutionGuid = {CCCD44E2-A1AE-4068-8902-9BA72B634EED}
	EndGlobalSection
EndGlobal
